
Microsoft Visual Studio Solution File, Format Version 12.00
# Visual Studio Version 17
VisualStudioVersion = 17.5.33530.505
MinimumVisualStudioVersion = 10.0.40219.1
Project("{FAE04EC0-301F-11D3-BF4B-00C04F79EFBC}") = "StringLibrary", "StringLibrary\StringLibrary.csproj", "{B34585BE-AC84-4A28-9339-87C4DED1D052}"
EndProject
Global
	GlobalSection(SolutionConfigurationPlatforms) = preSolution
		Debug|Any CPU = Debug|Any CPU
		Release|Any CPU = Release|Any CPU
	EndGlobalSection
	GlobalSection(ProjectConfigurationPlatforms) = postSolution
		{B34585BE-AC84-4A28-9339-87C4DED1D052}.Debug|Any CPU.ActiveCfg = Debug|Any CPU
		{B34585BE-AC84-4A28-9339-87C4DED1D052}.Debug|Any CPU.Build.0 = Debug|Any CPU
		{B34585BE-AC84-4A28-9339-87C4DED1D052}.Release|Any CPU.ActiveCfg = Release|Any CPU
		{B34585BE-AC84-4A28-9339-87C4DED1D052}.Release|Any CPU.Build.0 = Release|Any CPU
	EndGlobalSection
	GlobalSection(SolutionProperties) = preSolution
		HideSolutionNode = FALSE
	EndGlobalSection
	GlobalSection(ExtensibilityGlobals) = postSolution
		SolutionGuid = {0243A5FE-5AA5-40A9-8747-B5D0CD50C616}
	EndGlobalSection
EndGlobal
